
Microsoft Visual Studio Solution File, Format Version 12.00
# Visual Studio Version 17
VisualStudioVersion = 17.0.31825.309
MinimumVisualStudioVersion = 10.0.40219.1
Project("{9A19103F-16F7-4668-BE54-9A1E7A4F7556}") = "Lab_08", "Lab_08\Lab_08.csproj", "{32B15F0E-F00E-418E-AC8E-99F0D99C2DEA}"
EndProject
Project("{9A19103F-16F7-4668-BE54-9A1E7A4F7556}") = "Problem (1,2)", "Problem 2\Problem (1,2).csproj", "{98CD139E-8D95-40AE-8B9E-D94033147196}"
EndProject
Project("{9A19103F-16F7-4668-BE54-9A1E7A4F7556}") = "Problem (3,4)", "Problem (4,5)\Problem (3,4).csproj", "{114FD09D-9777-485B-9505-C96332E01140}"
EndProject
Project("{9A19103F-16F7-4668-BE54-9A1E7A4F7556}") = "Problem (5,6)", "Problem (5,6)\Problem (5,6).csproj", "{A243A9E2-8E60-483B-A49F-ABF9C201F76A}"
EndProject
Project("{FAE04EC0-301F-11D3-BF4B-00C04F79EFBC}") = "Problem 7", "Problem 7\Problem 7.csproj", "{F66ACFD2-AAC1-4157-B81D-4418616EA0F1}"
EndProject
Global
	GlobalSection(SolutionConfigurationPlatforms) = preSolution
		Debug|Any CPU = Debug|Any CPU
		Release|Any CPU = Release|Any CPU
	EndGlobalSection
	GlobalSection(ProjectConfigurationPlatforms) = postSolution
		{32B15F0E-F00E-418E-AC8E-99F0D99C2DEA}.Debug|Any CPU.ActiveCfg = Debug|Any CPU
		{32B15F0E-F00E-418E-AC8E-99F0D99C2DEA}.Debug|Any CPU.Build.0 = Debug|Any CPU
		{32B15F0E-F00E-418E-AC8E-99F0D99C2DEA}.Release|Any CPU.ActiveCfg = Release|Any CPU
		{32B15F0E-F00E-418E-AC8E-99F0D99C2DEA}.Release|Any CPU.Build.0 = Release|Any CPU
		{98CD139E-8D95-40AE-8B9E-D94033147196}.Debug|Any CPU.ActiveCfg = Debug|Any CPU
		{98CD139E-8D95-40AE-8B9E-D94033147196}.Debug|Any CPU.Build.0 = Debug|Any CPU
		{98CD139E-8D95-40AE-8B9E-D94033147196}.Release|Any CPU.ActiveCfg = Release|Any CPU
		{98CD139E-8D95-40AE-8B9E-D94033147196}.Release|Any CPU.Build.0 = Release|Any CPU
		{114FD09D-9777-485B-9505-C96332E01140}.Debug|Any CPU.ActiveCfg = Debug|Any CPU
		{114FD09D-9777-485B-9505-C96332E01140}.Debug|Any CPU.Build.0 = Debug|Any CPU
		{114FD09D-9777-485B-9505-C96332E01140}.Release|Any CPU.ActiveCfg = Release|Any CPU
		{114FD09D-9777-485B-9505-C96332E01140}.Release|Any CPU.Build.0 = Release|Any CPU
		{A243A9E2-8E60-483B-A49F-ABF9C201F76A}.Debug|Any CPU.ActiveCfg = Debug|Any CPU
		{A243A9E2-8E60-483B-A49F-ABF9C201F76A}.Debug|Any CPU.Build.0 = Debug|Any CPU
		{A243A9E2-8E60-483B-A49F-ABF9C201F76A}.Release|Any CPU.ActiveCfg = Release|Any CPU
		{A243A9E2-8E60-483B-A49F-ABF9C201F76A}.Release|Any CPU.Build.0 = Release|Any CPU
		{F66ACFD2-AAC1-4157-B81D-4418616EA0F1}.Debug|Any CPU.ActiveCfg = Debug|Any CPU
		{F66ACFD2-AAC1-4157-B81D-4418616EA0F1}.Debug|Any CPU.Build.0 = Debug|Any CPU
		{F66ACFD2-AAC1-4157-B81D-4418616EA0F1}.Release|Any CPU.ActiveCfg = Release|Any CPU
		{F66ACFD2-AAC1-4157-B81D-4418616EA0F1}.Release|Any CPU.Build.0 = Release|Any CPU
	EndGlobalSection
	GlobalSection(SolutionProperties) = preSolution
		HideSolutionNode = FALSE
	EndGlobalSection
	GlobalSection(ExtensibilityGlobals) = postSolution
		SolutionGuid = {F41148C6-403A-46BF-BBF7-348046FF60E5}
	EndGlobalSection
EndGlobal
